// !$*UTF8*$!
{
	archiveVersion = 1;
	classes = {
	};
	objectVersion = 55;
	objects = {

/* Begin PBXBuildFile section */
		C03496D52776D9EA0084C604 /* NotificationTextProvider.swift in Sources */ = {isa = PBXBuildFile; fileRef = C03496D42776D9EA0084C604 /* NotificationTextProvider.swift */; };
		C06D000F270B8577006CEBA0 /* TabView.swift in Sources */ = {isa = PBXBuildFile; fileRef = C06D000E270B8577006CEBA0 /* TabView.swift */; };
		C06D0011270BA216006CEBA0 /* ProgressCircle.swift in Sources */ = {isa = PBXBuildFile; fileRef = C06D0010270BA216006CEBA0 /* ProgressCircle.swift */; };
		C06D0013270BA245006CEBA0 /* FilledButton.swift in Sources */ = {isa = PBXBuildFile; fileRef = C06D0012270BA245006CEBA0 /* FilledButton.swift */; };
		C06D0018270BA2DF006CEBA0 /* DeviceSettings.swift in Sources */ = {isa = PBXBuildFile; fileRef = C06D0017270BA2DF006CEBA0 /* DeviceSettings.swift */; };
		C06D001A270BA2EF006CEBA0 /* UserPrefs.swift in Sources */ = {isa = PBXBuildFile; fileRef = C06D0019270BA2EF006CEBA0 /* UserPrefs.swift */; };
		C06D001C270BA2FF006CEBA0 /* History.swift in Sources */ = {isa = PBXBuildFile; fileRef = C06D001B270BA2FF006CEBA0 /* History.swift */; };
		C06D001E270BA322006CEBA0 /* Scheduler.swift in Sources */ = {isa = PBXBuildFile; fileRef = C06D001D270BA322006CEBA0 /* Scheduler.swift */; };
		C06DFFE5270B5A97006CEBA0 /* TugzApp.swift in Sources */ = {isa = PBXBuildFile; fileRef = C06DFFE4270B5A97006CEBA0 /* TugzApp.swift */; };
		C06DFFE7270B5A97006CEBA0 /* HomeView.swift in Sources */ = {isa = PBXBuildFile; fileRef = C06DFFE6270B5A97006CEBA0 /* HomeView.swift */; };
		C06DFFE9270B5A9B006CEBA0 /* Assets.xcassets in Resources */ = {isa = PBXBuildFile; fileRef = C06DFFE8270B5A9B006CEBA0 /* Assets.xcassets */; };
		C06DFFEC270B5A9B006CEBA0 /* Preview Assets.xcassets in Resources */ = {isa = PBXBuildFile; fileRef = C06DFFEB270B5A9B006CEBA0 /* Preview Assets.xcassets */; };
		C06DFFF6270B5A9B006CEBA0 /* Tugz_iOS_appTests.swift in Sources */ = {isa = PBXBuildFile; fileRef = C06DFFF5270B5A9B006CEBA0 /* Tugz_iOS_appTests.swift */; };
		C08F1E5B271220DB00EFEE35 /* Launch.storyboard in Resources */ = {isa = PBXBuildFile; fileRef = C08F1E5A271220DB00EFEE35 /* Launch.storyboard */; };
		C08F1E5D271221CC00EFEE35 /* TugView.swift in Sources */ = {isa = PBXBuildFile; fileRef = C08F1E5C271221CC00EFEE35 /* TugView.swift */; };
		C09191CC270BAD3D00EFBE34 /* SchedulerTests.swift in Sources */ = {isa = PBXBuildFile; fileRef = C09191CB270BAD3D00EFBE34 /* SchedulerTests.swift */; };
		C09191CF270C5B4900EFBE34 /* Date.swift in Sources */ = {isa = PBXBuildFile; fileRef = C09191CE270C5B4900EFBE34 /* Date.swift */; };
		C09191D1270C5B8700EFBE34 /* Tug.swift in Sources */ = {isa = PBXBuildFile; fileRef = C09191D0270C5B8700EFBE34 /* Tug.swift */; };
		C09191D3270DF69E00EFBE34 /* NotificationScheduler.swift in Sources */ = {isa = PBXBuildFile; fileRef = C09191D2270DF69E00EFBE34 /* NotificationScheduler.swift */; };
		C09191D5270DFDC000EFBE34 /* UserPrefsTests.swift in Sources */ = {isa = PBXBuildFile; fileRef = C09191D4270DFDC000EFBE34 /* UserPrefsTests.swift */; };
		C0AF64E427148A7400162216 /* Navigator.swift in Sources */ = {isa = PBXBuildFile; fileRef = C0AF64E327148A7400162216 /* Navigator.swift */; };
		C0BE55F42721F22500B38112 /* HistoryView.swift in Sources */ = {isa = PBXBuildFile; fileRef = C0BE55F32721F22500B38112 /* HistoryView.swift */; };
		C0BE55F62721F22F00B38112 /* SettingsView.swift in Sources */ = {isa = PBXBuildFile; fileRef = C0BE55F52721F22F00B38112 /* SettingsView.swift */; };
		C0BE55F82721F27300B38112 /* AboutView.swift in Sources */ = {isa = PBXBuildFile; fileRef = C0BE55F72721F27300B38112 /* AboutView.swift */; };
		C0DDA539272204A20033AFCD /* Array.swift in Sources */ = {isa = PBXBuildFile; fileRef = C0DDA538272204A20033AFCD /* Array.swift */; };
/* End PBXBuildFile section */

/* Begin PBXContainerItemProxy section */
		C06DFFF2270B5A9B006CEBA0 /* PBXContainerItemProxy */ = {
			isa = PBXContainerItemProxy;
			containerPortal = C06DFFD9270B5A97006CEBA0 /* Project object */;
			proxyType = 1;
			remoteGlobalIDString = C06DFFE0270B5A97006CEBA0;
			remoteInfo = "Tugz-iOS-app";
		};
/* End PBXContainerItemProxy section */

/* Begin PBXFileReference section */
		C03496D42776D9EA0084C604 /* NotificationTextProvider.swift */ = {isa = PBXFileReference; lastKnownFileType = sourcecode.swift; path = NotificationTextProvider.swift; sourceTree = "<group>"; };
		C06D000E270B8577006CEBA0 /* TabView.swift */ = {isa = PBXFileReference; lastKnownFileType = sourcecode.swift; path = TabView.swift; sourceTree = "<group>"; };
		C06D0010270BA216006CEBA0 /* ProgressCircle.swift */ = {isa = PBXFileReference; lastKnownFileType = sourcecode.swift; path = ProgressCircle.swift; sourceTree = "<group>"; };
		C06D0012270BA245006CEBA0 /* FilledButton.swift */ = {isa = PBXFileReference; lastKnownFileType = sourcecode.swift; path = FilledButton.swift; sourceTree = "<group>"; };
		C06D0017270BA2DF006CEBA0 /* DeviceSettings.swift */ = {isa = PBXFileReference; lastKnownFileType = sourcecode.swift; path = DeviceSettings.swift; sourceTree = "<group>"; };
		C06D0019270BA2EF006CEBA0 /* UserPrefs.swift */ = {isa = PBXFileReference; lastKnownFileType = sourcecode.swift; path = UserPrefs.swift; sourceTree = "<group>"; };
		C06D001B270BA2FF006CEBA0 /* History.swift */ = {isa = PBXFileReference; lastKnownFileType = sourcecode.swift; path = History.swift; sourceTree = "<group>"; };
		C06D001D270BA322006CEBA0 /* Scheduler.swift */ = {isa = PBXFileReference; lastKnownFileType = sourcecode.swift; path = Scheduler.swift; sourceTree = "<group>"; };
		C06DFFE1270B5A97006CEBA0 /* Tugz.app */ = {isa = PBXFileReference; explicitFileType = wrapper.application; includeInIndex = 0; path = Tugz.app; sourceTree = BUILT_PRODUCTS_DIR; };
		C06DFFE4270B5A97006CEBA0 /* TugzApp.swift */ = {isa = PBXFileReference; lastKnownFileType = sourcecode.swift; path = TugzApp.swift; sourceTree = "<group>"; };
		C06DFFE6270B5A97006CEBA0 /* HomeView.swift */ = {isa = PBXFileReference; lastKnownFileType = sourcecode.swift; path = HomeView.swift; sourceTree = "<group>"; };
		C06DFFE8270B5A9B006CEBA0 /* Assets.xcassets */ = {isa = PBXFileReference; lastKnownFileType = folder.assetcatalog; path = Assets.xcassets; sourceTree = "<group>"; };
		C06DFFEB270B5A9B006CEBA0 /* Preview Assets.xcassets */ = {isa = PBXFileReference; lastKnownFileType = folder.assetcatalog; path = "Preview Assets.xcassets"; sourceTree = "<group>"; };
		C06DFFF1270B5A9B006CEBA0 /* Tugz-iOS-appTests.xctest */ = {isa = PBXFileReference; explicitFileType = wrapper.cfbundle; includeInIndex = 0; path = "Tugz-iOS-appTests.xctest"; sourceTree = BUILT_PRODUCTS_DIR; };
		C06DFFF5270B5A9B006CEBA0 /* Tugz_iOS_appTests.swift */ = {isa = PBXFileReference; lastKnownFileType = sourcecode.swift; path = Tugz_iOS_appTests.swift; sourceTree = "<group>"; };
		C08F1E5927121F3C00EFEE35 /* Info.plist */ = {isa = PBXFileReference; lastKnownFileType = text.plist; path = Info.plist; sourceTree = "<group>"; };
		C08F1E5A271220DB00EFEE35 /* Launch.storyboard */ = {isa = PBXFileReference; lastKnownFileType = file.storyboard; path = Launch.storyboard; sourceTree = "<group>"; };
		C08F1E5C271221CC00EFEE35 /* TugView.swift */ = {isa = PBXFileReference; lastKnownFileType = sourcecode.swift; path = TugView.swift; sourceTree = "<group>"; };
		C09191CB270BAD3D00EFBE34 /* SchedulerTests.swift */ = {isa = PBXFileReference; lastKnownFileType = sourcecode.swift; path = SchedulerTests.swift; sourceTree = "<group>"; };
		C09191CE270C5B4900EFBE34 /* Date.swift */ = {isa = PBXFileReference; lastKnownFileType = sourcecode.swift; path = Date.swift; sourceTree = "<group>"; };
		C09191D0270C5B8700EFBE34 /* Tug.swift */ = {isa = PBXFileReference; lastKnownFileType = sourcecode.swift; path = Tug.swift; sourceTree = "<group>"; };
		C09191D2270DF69E00EFBE34 /* NotificationScheduler.swift */ = {isa = PBXFileReference; lastKnownFileType = sourcecode.swift; path = NotificationScheduler.swift; sourceTree = "<group>"; };
		C09191D4270DFDC000EFBE34 /* UserPrefsTests.swift */ = {isa = PBXFileReference; lastKnownFileType = sourcecode.swift; path = UserPrefsTests.swift; sourceTree = "<group>"; };
		C0AF64E327148A7400162216 /* Navigator.swift */ = {isa = PBXFileReference; lastKnownFileType = sourcecode.swift; path = Navigator.swift; sourceTree = "<group>"; };
		C0BE55F32721F22500B38112 /* HistoryView.swift */ = {isa = PBXFileReference; lastKnownFileType = sourcecode.swift; path = HistoryView.swift; sourceTree = "<group>"; };
		C0BE55F52721F22F00B38112 /* SettingsView.swift */ = {isa = PBXFileReference; lastKnownFileType = sourcecode.swift; path = SettingsView.swift; sourceTree = "<group>"; };
		C0BE55F72721F27300B38112 /* AboutView.swift */ = {isa = PBXFileReference; lastKnownFileType = sourcecode.swift; path = AboutView.swift; sourceTree = "<group>"; };
		C0DDA538272204A20033AFCD /* Array.swift */ = {isa = PBXFileReference; lastKnownFileType = sourcecode.swift; path = Array.swift; sourceTree = "<group>"; };
/* End PBXFileReference section */

/* Begin PBXFrameworksBuildPhase section */
		C06DFFDE270B5A97006CEBA0 /* Frameworks */ = {
			isa = PBXFrameworksBuildPhase;
			buildActionMask = 2147483647;
			files = (
			);
			runOnlyForDeploymentPostprocessing = 0;
		};
		C06DFFEE270B5A9B006CEBA0 /* Frameworks */ = {
			isa = PBXFrameworksBuildPhase;
			buildActionMask = 2147483647;
			files = (
			);
			runOnlyForDeploymentPostprocessing = 0;
		};
/* End PBXFrameworksBuildPhase section */

/* Begin PBXGroup section */
		C06D0014270BA2A5006CEBA0 /* Screens */ = {
			isa = PBXGroup;
			children = (
				C06D000E270B8577006CEBA0 /* TabView.swift */,
				C06DFFE6270B5A97006CEBA0 /* HomeView.swift */,
				C08F1E5C271221CC00EFEE35 /* TugView.swift */,
				C0BE55F32721F22500B38112 /* HistoryView.swift */,
				C0BE55F52721F22F00B38112 /* SettingsView.swift */,
				C0BE55F72721F27300B38112 /* AboutView.swift */,
			);
			path = Screens;
			sourceTree = "<group>";
		};
		C06D0015270BA2BA006CEBA0 /* UI Components */ = {
			isa = PBXGroup;
			children = (
				C06D0010270BA216006CEBA0 /* ProgressCircle.swift */,
				C06D0012270BA245006CEBA0 /* FilledButton.swift */,
			);
			path = "UI Components";
			sourceTree = "<group>";
		};
		C06D0016270BA2C8006CEBA0 /* Model */ = {
			isa = PBXGroup;
			children = (
				C06D0017270BA2DF006CEBA0 /* DeviceSettings.swift */,
				C06D0019270BA2EF006CEBA0 /* UserPrefs.swift */,
				C06D001B270BA2FF006CEBA0 /* History.swift */,
				C09191D0270C5B8700EFBE34 /* Tug.swift */,
				C06D001D270BA322006CEBA0 /* Scheduler.swift */,
				C09191D2270DF69E00EFBE34 /* NotificationScheduler.swift */,
				C03496D42776D9EA0084C604 /* NotificationTextProvider.swift */,
			);
			path = Model;
			sourceTree = "<group>";
		};
		C06DFFD8270B5A97006CEBA0 = {
			isa = PBXGroup;
			children = (
				C06DFFE3270B5A97006CEBA0 /* Tugz-iOS-app */,
				C06DFFF4270B5A9B006CEBA0 /* Tugz-iOS-appTests */,
				C06DFFE2270B5A97006CEBA0 /* Products */,
			);
			sourceTree = "<group>";
		};
		C06DFFE2270B5A97006CEBA0 /* Products */ = {
			isa = PBXGroup;
			children = (
				C06DFFE1270B5A97006CEBA0 /* Tugz.app */,
				C06DFFF1270B5A9B006CEBA0 /* Tugz-iOS-appTests.xctest */,
			);
			name = Products;
			sourceTree = "<group>";
		};
		C06DFFE3270B5A97006CEBA0 /* Tugz-iOS-app */ = {
			isa = PBXGroup;
			children = (
				C08F1E5927121F3C00EFEE35 /* Info.plist */,
				C06DFFE4270B5A97006CEBA0 /* TugzApp.swift */,
				C0AF64E327148A7400162216 /* Navigator.swift */,
				C06D0016270BA2C8006CEBA0 /* Model */,
				C06D0015270BA2BA006CEBA0 /* UI Components */,
				C06D0014270BA2A5006CEBA0 /* Screens */,
				C09191CD270C5B3D00EFBE34 /* Extensions */,
				C06DFFE8270B5A9B006CEBA0 /* Assets.xcassets */,
				C08F1E5A271220DB00EFEE35 /* Launch.storyboard */,
				C06DFFEA270B5A9B006CEBA0 /* Preview Content */,
			);
			path = "Tugz-iOS-app";
			sourceTree = "<group>";
		};
		C06DFFEA270B5A9B006CEBA0 /* Preview Content */ = {
			isa = PBXGroup;
			children = (
				C06DFFEB270B5A9B006CEBA0 /* Preview Assets.xcassets */,
			);
			path = "Preview Content";
			sourceTree = "<group>";
		};
		C06DFFF4270B5A9B006CEBA0 /* Tugz-iOS-appTests */ = {
			isa = PBXGroup;
			children = (
				C06DFFF5270B5A9B006CEBA0 /* Tugz_iOS_appTests.swift */,
				C09191CB270BAD3D00EFBE34 /* SchedulerTests.swift */,
				C09191D4270DFDC000EFBE34 /* UserPrefsTests.swift */,
			);
			path = "Tugz-iOS-appTests";
			sourceTree = "<group>";
		};
		C09191CD270C5B3D00EFBE34 /* Extensions */ = {
			isa = PBXGroup;
			children = (
				C09191CE270C5B4900EFBE34 /* Date.swift */,
				C0DDA538272204A20033AFCD /* Array.swift */,
			);
			path = Extensions;
			sourceTree = "<group>";
		};
/* End PBXGroup section */

/* Begin PBXNativeTarget section */
		C06DFFE0270B5A97006CEBA0 /* Tugz-iOS-app */ = {
			isa = PBXNativeTarget;
			buildConfigurationList = C06D0005270B5A9B006CEBA0 /* Build configuration list for PBXNativeTarget "Tugz-iOS-app" */;
			buildPhases = (
				C06DFFDD270B5A97006CEBA0 /* Sources */,
				C06DFFDE270B5A97006CEBA0 /* Frameworks */,
				C06DFFDF270B5A97006CEBA0 /* Resources */,
			);
			buildRules = (
			);
			dependencies = (
			);
			name = "Tugz-iOS-app";
			productName = "Tugz-iOS-app";
			productReference = C06DFFE1270B5A97006CEBA0 /* Tugz.app */;
			productType = "com.apple.product-type.application";
		};
		C06DFFF0270B5A9B006CEBA0 /* Tugz-iOS-appTests */ = {
			isa = PBXNativeTarget;
			buildConfigurationList = C06D0008270B5A9B006CEBA0 /* Build configuration list for PBXNativeTarget "Tugz-iOS-appTests" */;
			buildPhases = (
				C06DFFED270B5A9B006CEBA0 /* Sources */,
				C06DFFEE270B5A9B006CEBA0 /* Frameworks */,
				C06DFFEF270B5A9B006CEBA0 /* Resources */,
			);
			buildRules = (
			);
			dependencies = (
				C06DFFF3270B5A9B006CEBA0 /* PBXTargetDependency */,
			);
			name = "Tugz-iOS-appTests";
			productName = "Tugz-iOS-appTests";
			productReference = C06DFFF1270B5A9B006CEBA0 /* Tugz-iOS-appTests.xctest */;
			productType = "com.apple.product-type.bundle.unit-test";
		};
/* End PBXNativeTarget section */

/* Begin PBXProject section */
		C06DFFD9270B5A97006CEBA0 /* Project object */ = {
			isa = PBXProject;
			attributes = {
				BuildIndependentTargetsInParallel = 1;
				LastSwiftUpdateCheck = 1300;
				LastUpgradeCheck = 1300;
				TargetAttributes = {
					C06DFFE0270B5A97006CEBA0 = {
						CreatedOnToolsVersion = 13.0;
					};
					C06DFFF0270B5A9B006CEBA0 = {
						CreatedOnToolsVersion = 13.0;
						TestTargetID = C06DFFE0270B5A97006CEBA0;
					};
				};
			};
			buildConfigurationList = C06DFFDC270B5A97006CEBA0 /* Build configuration list for PBXProject "Tugz-iOS-app" */;
			compatibilityVersion = "Xcode 13.0";
			developmentRegion = en;
			hasScannedForEncodings = 0;
			knownRegions = (
				en,
				Base,
			);
			mainGroup = C06DFFD8270B5A97006CEBA0;
			productRefGroup = C06DFFE2270B5A97006CEBA0 /* Products */;
			projectDirPath = "";
			projectRoot = "";
			targets = (
				C06DFFE0270B5A97006CEBA0 /* Tugz-iOS-app */,
				C06DFFF0270B5A9B006CEBA0 /* Tugz-iOS-appTests */,
			);
		};
/* End PBXProject section */

/* Begin PBXResourcesBuildPhase section */
		C06DFFDF270B5A97006CEBA0 /* Resources */ = {
			isa = PBXResourcesBuildPhase;
			buildActionMask = 2147483647;
			files = (
				C06DFFEC270B5A9B006CEBA0 /* Preview Assets.xcassets in Resources */,
				C06DFFE9270B5A9B006CEBA0 /* Assets.xcassets in Resources */,
				C08F1E5B271220DB00EFEE35 /* Launch.storyboard in Resources */,
			);
			runOnlyForDeploymentPostprocessing = 0;
		};
		C06DFFEF270B5A9B006CEBA0 /* Resources */ = {
			isa = PBXResourcesBuildPhase;
			buildActionMask = 2147483647;
			files = (
			);
			runOnlyForDeploymentPostprocessing = 0;
		};
/* End PBXResourcesBuildPhase section */

/* Begin PBXSourcesBuildPhase section */
		C06DFFDD270B5A97006CEBA0 /* Sources */ = {
			isa = PBXSourcesBuildPhase;
			buildActionMask = 2147483647;
			files = (
				C09191D1270C5B8700EFBE34 /* Tug.swift in Sources */,
				C06D001E270BA322006CEBA0 /* Scheduler.swift in Sources */,
				C0BE55F82721F27300B38112 /* AboutView.swift in Sources */,
				C08F1E5D271221CC00EFEE35 /* TugView.swift in Sources */,
				C06DFFE7270B5A97006CEBA0 /* HomeView.swift in Sources */,
				C06D0013270BA245006CEBA0 /* FilledButton.swift in Sources */,
				C09191D3270DF69E00EFBE34 /* NotificationScheduler.swift in Sources */,
				C06D001C270BA2FF006CEBA0 /* History.swift in Sources */,
				C0BE55F42721F22500B38112 /* HistoryView.swift in Sources */,
				C0DDA539272204A20033AFCD /* Array.swift in Sources */,
				C0AF64E427148A7400162216 /* Navigator.swift in Sources */,
				C03496D52776D9EA0084C604 /* NotificationTextProvider.swift in Sources */,
				C0BE55F62721F22F00B38112 /* SettingsView.swift in Sources */,
				C06D000F270B8577006CEBA0 /* TabView.swift in Sources */,
				C09191CF270C5B4900EFBE34 /* Date.swift in Sources */,
				C06D0011270BA216006CEBA0 /* ProgressCircle.swift in Sources */,
				C06D001A270BA2EF006CEBA0 /* UserPrefs.swift in Sources */,
				C06D0018270BA2DF006CEBA0 /* DeviceSettings.swift in Sources */,
				C06DFFE5270B5A97006CEBA0 /* TugzApp.swift in Sources */,
			);
			runOnlyForDeploymentPostprocessing = 0;
		};
		C06DFFED270B5A9B006CEBA0 /* Sources */ = {
			isa = PBXSourcesBuildPhase;
			buildActionMask = 2147483647;
			files = (
				C06DFFF6270B5A9B006CEBA0 /* Tugz_iOS_appTests.swift in Sources */,
				C09191D5270DFDC000EFBE34 /* UserPrefsTests.swift in Sources */,
				C09191CC270BAD3D00EFBE34 /* SchedulerTests.swift in Sources */,
			);
			runOnlyForDeploymentPostprocessing = 0;
		};
/* End PBXSourcesBuildPhase section */

/* Begin PBXTargetDependency section */
		C06DFFF3270B5A9B006CEBA0 /* PBXTargetDependency */ = {
			isa = PBXTargetDependency;
			target = C06DFFE0270B5A97006CEBA0 /* Tugz-iOS-app */;
			targetProxy = C06DFFF2270B5A9B006CEBA0 /* PBXContainerItemProxy */;
		};
/* End PBXTargetDependency section */

/* Begin XCBuildConfiguration section */
		C06D0003270B5A9B006CEBA0 /* Debug */ = {
			isa = XCBuildConfiguration;
			buildSettings = {
				ALWAYS_SEARCH_USER_PATHS = NO;
				CLANG_ANALYZER_NONNULL = YES;
				CLANG_ANALYZER_NUMBER_OBJECT_CONVERSION = YES_AGGRESSIVE;
				CLANG_CXX_LANGUAGE_STANDARD = "gnu++17";
				CLANG_CXX_LIBRARY = "libc++";
				CLANG_ENABLE_MODULES = YES;
				CLANG_ENABLE_OBJC_ARC = YES;
				CLANG_ENABLE_OBJC_WEAK = YES;
				CLANG_WARN_BLOCK_CAPTURE_AUTORELEASING = YES;
				CLANG_WARN_BOOL_CONVERSION = YES;
				CLANG_WARN_COMMA = YES;
				CLANG_WARN_CONSTANT_CONVERSION = YES;
				CLANG_WARN_DEPRECATED_OBJC_IMPLEMENTATIONS = YES;
				CLANG_WARN_DIRECT_OBJC_ISA_USAGE = YES_ERROR;
				CLANG_WARN_DOCUMENTATION_COMMENTS = YES;
				CLANG_WARN_EMPTY_BODY = YES;
				CLANG_WARN_ENUM_CONVERSION = YES;
				CLANG_WARN_INFINITE_RECURSION = YES;
				CLANG_WARN_INT_CONVERSION = YES;
				CLANG_WARN_NON_LITERAL_NULL_CONVERSION = YES;
				CLANG_WARN_OBJC_IMPLICIT_RETAIN_SELF = YES;
				CLANG_WARN_OBJC_LITERAL_CONVERSION = YES;
				CLANG_WARN_OBJC_ROOT_CLASS = YES_ERROR;
				CLANG_WARN_QUOTED_INCLUDE_IN_FRAMEWORK_HEADER = YES;
				CLANG_WARN_RANGE_LOOP_ANALYSIS = YES;
				CLANG_WARN_STRICT_PROTOTYPES = YES;
				CLANG_WARN_SUSPICIOUS_MOVE = YES;
				CLANG_WARN_UNGUARDED_AVAILABILITY = YES_AGGRESSIVE;
				CLANG_WARN_UNREACHABLE_CODE = YES;
				CLANG_WARN__DUPLICATE_METHOD_MATCH = YES;
				COPY_PHASE_STRIP = NO;
				DEBUG_INFORMATION_FORMAT = dwarf;
				ENABLE_STRICT_OBJC_MSGSEND = YES;
				ENABLE_TESTABILITY = YES;
				GCC_C_LANGUAGE_STANDARD = gnu11;
				GCC_DYNAMIC_NO_PIC = NO;
				GCC_NO_COMMON_BLOCKS = YES;
				GCC_OPTIMIZATION_LEVEL = 0;
				GCC_PREPROCESSOR_DEFINITIONS = (
					"DEBUG=1",
					"$(inherited)",
				);
				GCC_WARN_64_TO_32_BIT_CONVERSION = YES;
				GCC_WARN_ABOUT_RETURN_TYPE = YES_ERROR;
				GCC_WARN_UNDECLARED_SELECTOR = YES;
				GCC_WARN_UNINITIALIZED_AUTOS = YES_AGGRESSIVE;
				GCC_WARN_UNUSED_FUNCTION = YES;
				GCC_WARN_UNUSED_VARIABLE = YES;
				IPHONEOS_DEPLOYMENT_TARGET = 15.0;
				MTL_ENABLE_DEBUG_INFO = INCLUDE_SOURCE;
				MTL_FAST_MATH = YES;
				ONLY_ACTIVE_ARCH = YES;
				SDKROOT = iphoneos;
				SWIFT_ACTIVE_COMPILATION_CONDITIONS = DEBUG;
				SWIFT_OPTIMIZATION_LEVEL = "-Onone";
			};
			name = Debug;
		};
		C06D0004270B5A9B006CEBA0 /* Release */ = {
			isa = XCBuildConfiguration;
			buildSettings = {
				ALWAYS_SEARCH_USER_PATHS = NO;
				CLANG_ANALYZER_NONNULL = YES;
				CLANG_ANALYZER_NUMBER_OBJECT_CONVERSION = YES_AGGRESSIVE;
				CLANG_CXX_LANGUAGE_STANDARD = "gnu++17";
				CLANG_CXX_LIBRARY = "libc++";
				CLANG_ENABLE_MODULES = YES;
				CLANG_ENABLE_OBJC_ARC = YES;
				CLANG_ENABLE_OBJC_WEAK = YES;
				CLANG_WARN_BLOCK_CAPTURE_AUTORELEASING = YES;
				CLANG_WARN_BOOL_CONVERSION = YES;
				CLANG_WARN_COMMA = YES;
				CLANG_WARN_CONSTANT_CONVERSION = YES;
				CLANG_WARN_DEPRECATED_OBJC_IMPLEMENTATIONS = YES;
				CLANG_WARN_DIRECT_OBJC_ISA_USAGE = YES_ERROR;
				CLANG_WARN_DOCUMENTATION_COMMENTS = YES;
				CLANG_WARN_EMPTY_BODY = YES;
				CLANG_WARN_ENUM_CONVERSION = YES;
				CLANG_WARN_INFINITE_RECURSION = YES;
				CLANG_WARN_INT_CONVERSION = YES;
				CLANG_WARN_NON_LITERAL_NULL_CONVERSION = YES;
				CLANG_WARN_OBJC_IMPLICIT_RETAIN_SELF = YES;
				CLANG_WARN_OBJC_LITERAL_CONVERSION = YES;
				CLANG_WARN_OBJC_ROOT_CLASS = YES_ERROR;
				CLANG_WARN_QUOTED_INCLUDE_IN_FRAMEWORK_HEADER = YES;
				CLANG_WARN_RANGE_LOOP_ANALYSIS = YES;
				CLANG_WARN_STRICT_PROTOTYPES = YES;
				CLANG_WARN_SUSPICIOUS_MOVE = YES;
				CLANG_WARN_UNGUARDED_AVAILABILITY = YES_AGGRESSIVE;
				CLANG_WARN_UNREACHABLE_CODE = YES;
				CLANG_WARN__DUPLICATE_METHOD_MATCH = YES;
				COPY_PHASE_STRIP = NO;
				DEBUG_INFORMATION_FORMAT = "dwarf-with-dsym";
				ENABLE_NS_ASSERTIONS = NO;
				ENABLE_STRICT_OBJC_MSGSEND = YES;
				GCC_C_LANGUAGE_STANDARD = gnu11;
				GCC_NO_COMMON_BLOCKS = YES;
				GCC_WARN_64_TO_32_BIT_CONVERSION = YES;
				GCC_WARN_ABOUT_RETURN_TYPE = YES_ERROR;
				GCC_WARN_UNDECLARED_SELECTOR = YES;
				GCC_WARN_UNINITIALIZED_AUTOS = YES_AGGRESSIVE;
				GCC_WARN_UNUSED_FUNCTION = YES;
				GCC_WARN_UNUSED_VARIABLE = YES;
				IPHONEOS_DEPLOYMENT_TARGET = 15.0;
				MTL_ENABLE_DEBUG_INFO = NO;
				MTL_FAST_MATH = YES;
				SDKROOT = iphoneos;
				SWIFT_COMPILATION_MODE = wholemodule;
				SWIFT_OPTIMIZATION_LEVEL = "-O";
				VALIDATE_PRODUCT = YES;
			};
			name = Release;
		};
		C06D0006270B5A9B006CEBA0 /* Debug */ = {
			isa = XCBuildConfiguration;
			buildSettings = {
				ASSETCATALOG_COMPILER_APPICON_NAME = AppIcon;
				ASSETCATALOG_COMPILER_GLOBAL_ACCENT_COLOR_NAME = AccentColor;
				ASSETCATALOG_COMPILER_INCLUDE_ALL_APPICON_ASSETS = YES;
				CODE_SIGN_STYLE = Automatic;
				CURRENT_PROJECT_VERSION = 1;
				DEVELOPMENT_ASSET_PATHS = "\"Tugz-iOS-app/Preview Content\"";
				DEVELOPMENT_TEAM = N2WM6EN8GQ;
				ENABLE_PREVIEWS = YES;
				GENERATE_INFOPLIST_FILE = YES;
				INFOPLIST_FILE = "Tugz-iOS-app/Info.plist";
				INFOPLIST_KEY_UIApplicationSceneManifest_Generation = YES;
				INFOPLIST_KEY_UIApplicationSupportsIndirectInputEvents = YES;
				INFOPLIST_KEY_UILaunchStoryboardName = Launch;
				INFOPLIST_KEY_UIMainStoryboardFile = Launch;
				INFOPLIST_KEY_UISupportedInterfaceOrientations = UIInterfaceOrientationPortrait;
				INFOPLIST_KEY_UISupportedInterfaceOrientations_iPad = "UIInterfaceOrientationPortrait UIInterfaceOrientationPortraitUpsideDown UIInterfaceOrientationLandscapeLeft UIInterfaceOrientationLandscapeRight";
				INFOPLIST_KEY_UISupportedInterfaceOrientations_iPhone = "UIInterfaceOrientationPortrait UIInterfaceOrientationLandscapeLeft UIInterfaceOrientationLandscapeRight";
				IPHONEOS_DEPLOYMENT_TARGET = 15.0;
				LD_RUNPATH_SEARCH_PATHS = (
					"$(inherited)",
					"@executable_path/Frameworks",
				);
				MARKETING_VERSION = 1.0;
				PRODUCT_BUNDLE_IDENTIFIER = "com.charliewilliams.Tugz-iOS-app";
				PRODUCT_NAME = Tugz;
				SWIFT_EMIT_LOC_STRINGS = YES;
				SWIFT_VERSION = 5.0;
				TARGETED_DEVICE_FAMILY = 1;
			};
			name = Debug;
		};
		C06D0007270B5A9B006CEBA0 /* Release */ = {
			isa = XCBuildConfiguration;
			buildSettings = {
				ASSETCATALOG_COMPILER_APPICON_NAME = AppIcon;
				ASSETCATALOG_COMPILER_GLOBAL_ACCENT_COLOR_NAME = AccentColor;
				ASSETCATALOG_COMPILER_INCLUDE_ALL_APPICON_ASSETS = YES;
				CODE_SIGN_STYLE = Automatic;
				CURRENT_PROJECT_VERSION = 1;
				DEVELOPMENT_ASSET_PATHS = "\"Tugz-iOS-app/Preview Content\"";
				DEVELOPMENT_TEAM = N2WM6EN8GQ;
				ENABLE_PREVIEWS = YES;
				GENERATE_INFOPLIST_FILE = YES;
				INFOPLIST_FILE = "Tugz-iOS-app/Info.plist";
				INFOPLIST_KEY_UIApplicationSceneManifest_Generation = YES;
				INFOPLIST_KEY_UIApplicationSupportsIndirectInputEvents = YES;
				INFOPLIST_KEY_UILaunchStoryboardName = Launch;
				INFOPLIST_KEY_UIMainStoryboardFile = Launch;
				INFOPLIST_KEY_UISupportedInterfaceOrientations = UIInterfaceOrientationPortrait;
				INFOPLIST_KEY_UISupportedInterfaceOrientations_iPad = "UIInterfaceOrientationPortrait UIInterfaceOrientationPortraitUpsideDown UIInterfaceOrientationLandscapeLeft UIInterfaceOrientationLandscapeRight";
				INFOPLIST_KEY_UISupportedInterfaceOrientations_iPhone = "UIInterfaceOrientationPortrait UIInterfaceOrientationLandscapeLeft UIInterfaceOrientationLandscapeRight";
				IPHONEOS_DEPLOYMENT_TARGET = 15.0;
				LD_RUNPATH_SEARCH_PATHS = (
					"$(inherited)",
					"@executable_path/Frameworks",
				);
				MARKETING_VERSION = 1.0;
				PRODUCT_BUNDLE_IDENTIFIER = "com.charliewilliams.Tugz-iOS-app";
				PRODUCT_NAME = Tugz;
				SWIFT_EMIT_LOC_STRINGS = YES;
				SWIFT_VERSION = 5.0;
				TARGETED_DEVICE_FAMILY = 1;
			};
			name = Release;
		};
		C06D0009270B5A9B006CEBA0 /* Debug */ = {
			isa = XCBuildConfiguration;
			buildSettings = {
				ALWAYS_EMBED_SWIFT_STANDARD_LIBRARIES = YES;
				BUNDLE_LOADER = "$(TEST_HOST)";
				CODE_SIGN_STYLE = Automatic;
				CURRENT_PROJECT_VERSION = 1;
				DEVELOPMENT_TEAM = N2WM6EN8GQ;
				GENERATE_INFOPLIST_FILE = YES;
				IPHONEOS_DEPLOYMENT_TARGET = 14.0;
				LD_RUNPATH_SEARCH_PATHS = (
					"$(inherited)",
					"@executable_path/Frameworks",
					"@loader_path/Frameworks",
				);
				MARKETING_VERSION = 1.0;
				PRODUCT_BUNDLE_IDENTIFIER = "com.charliewilliams.Tugz-iOS-appTests";
				PRODUCT_NAME = "$(TARGET_NAME)";
				SWIFT_EMIT_LOC_STRINGS = NO;
				SWIFT_VERSION = 5.0;
				TARGETED_DEVICE_FAMILY = "1,2";
				TEST_HOST = "$(BUILT_PRODUCTS_DIR)/Tugz.app/Tugz";
			};
			name = Debug;
		};
		C06D000A270B5A9B006CEBA0 /* Release */ = {
			isa = XCBuildConfiguration;
			buildSettings = {
				ALWAYS_EMBED_SWIFT_STANDARD_LIBRARIES = YES;
				BUNDLE_LOADER = "$(TEST_HOST)";
				CODE_SIGN_STYLE = Automatic;
				CURRENT_PROJECT_VERSION = 1;
				DEVELOPMENT_TEAM = N2WM6EN8GQ;
				GENERATE_INFOPLIST_FILE = YES;
				IPHONEOS_DEPLOYMENT_TARGET = 14.0;
				LD_RUNPATH_SEARCH_PATHS = (
					"$(inherited)",
					"@executable_path/Frameworks",
					"@loader_path/Frameworks",
				);
				MARKETING_VERSION = 1.0;
				PRODUCT_BUNDLE_IDENTIFIER = "com.charliewilliams.Tugz-iOS-appTests";
				PRODUCT_NAME = "$(TARGET_NAME)";
				SWIFT_EMIT_LOC_STRINGS = NO;
				SWIFT_VERSION = 5.0;
				TARGETED_DEVICE_FAMILY = "1,2";
				TEST_HOST = "$(BUILT_PRODUCTS_DIR)/Tugz.app/Tugz";
			};
			name = Release;
		};
/* End XCBuildConfiguration section */

/* Begin XCConfigurationList section */
		C06D0005270B5A9B006CEBA0 /* Build configuration list for PBXNativeTarget "Tugz-iOS-app" */ = {
			isa = XCConfigurationList;
			buildConfigurations = (
				C06D0006270B5A9B006CEBA0 /* Debug */,
				C06D0007270B5A9B006CEBA0 /* Release */,
			);
			defaultConfigurationIsVisible = 0;
			defaultConfigurationName = Release;
		};
		C06D0008270B5A9B006CEBA0 /* Build configuration list for PBXNativeTarget "Tugz-iOS-appTests" */ = {
			isa = XCConfigurationList;
			buildConfigurations = (
				C06D0009270B5A9B006CEBA0 /* Debug */,
				C06D000A270B5A9B006CEBA0 /* Release */,
			);
			defaultConfigurationIsVisible = 0;
			defaultConfigurationName = Release;
		};
		C06DFFDC270B5A97006CEBA0 /* Build configuration list for PBXProject "Tugz-iOS-app" */ = {
			isa = XCConfigurationList;
			buildConfigurations = (
				C06D0003270B5A9B006CEBA0 /* Debug */,
				C06D0004270B5A9B006CEBA0 /* Release */,
			);
			defaultConfigurationIsVisible = 0;
			defaultConfigurationName = Release;
		};
/* End XCConfigurationList section */
	};
	rootObject = C06DFFD9270B5A97006CEBA0 /* Project object */;
}
